
Microsoft Visual Studio Solution File, Format Version 12.00
# Visual Studio 14
VisualStudioVersion = 14.0.25420.1
MinimumVisualStudioVersion = 10.0.40219.1
Project("{8BC9CEB8-8B4A-11D0-8D11-00A0C91BC942}") = "algorithmForScheduling", "algorithmForScheduling.vcxproj", "{7DCBA1C1-A866-4A39-945B-44C90D4000CA}"
EndProject
Project("{8BC9CEB8-8B4A-11D0-8D11-00A0C91BC942}") = "PriorityQueuePractice", "..\PriorityQueuePractice\PriorityQueuePractice.vcxproj", "{FB13A1B9-C33E-48C1-94D8-48DA9F3372CB}"
EndProject
Project("{8BC9CEB8-8B4A-11D0-8D11-00A0C91BC942}") = "PriorityQueuePractice2", "PriorityQueuePractice2\PriorityQueuePractice2.vcxproj", "{72392641-F6C0-4559-BCB5-32BB78CB029E}"
EndProject
Project("{8BC9CEB8-8B4A-11D0-8D11-00A0C91BC942}") = "PriorityQueuePractice3", "PriorityQueuePractice3\PriorityQueuePractice3.vcxproj", "{D3E4D13E-BCAF-4355-B562-F620097FB0AA}"
EndProject
Project("{8BC9CEB8-8B4A-11D0-8D11-00A0C91BC942}") = "test", "..\test\test.vcxproj", "{8FD3E4BF-DBBA-4500-B679-7DF14D47B074}"
EndProject
Global
	GlobalSection(SolutionConfigurationPlatforms) = preSolution
		Debug|x64 = Debug|x64
		Debug|x86 = Debug|x86
		Release|x64 = Release|x64
		Release|x86 = Release|x86
	EndGlobalSection
	GlobalSection(ProjectConfigurationPlatforms) = postSolution
		{7DCBA1C1-A866-4A39-945B-44C90D4000CA}.Debug|x64.ActiveCfg = Debug|x64
		{7DCBA1C1-A866-4A39-945B-44C90D4000CA}.Debug|x64.Build.0 = Debug|x64
		{7DCBA1C1-A866-4A39-945B-44C90D4000CA}.Debug|x86.ActiveCfg = Debug|Win32
		{7DCBA1C1-A866-4A39-945B-44C90D4000CA}.Debug|x86.Build.0 = Debug|Win32
		{7DCBA1C1-A866-4A39-945B-44C90D4000CA}.Release|x64.ActiveCfg = Release|x64
		{7DCBA1C1-A866-4A39-945B-44C90D4000CA}.Release|x64.Build.0 = Release|x64
		{7DCBA1C1-A866-4A39-945B-44C90D4000CA}.Release|x86.ActiveCfg = Release|Win32
		{7DCBA1C1-A866-4A39-945B-44C90D4000CA}.Release|x86.Build.0 = Release|Win32
		{FB13A1B9-C33E-48C1-94D8-48DA9F3372CB}.Debug|x64.ActiveCfg = Debug|x64
		{FB13A1B9-C33E-48C1-94D8-48DA9F3372CB}.Debug|x64.Build.0 = Debug|x64
		{FB13A1B9-C33E-48C1-94D8-48DA9F3372CB}.Debug|x86.ActiveCfg = Debug|Win32
		{FB13A1B9-C33E-48C1-94D8-48DA9F3372CB}.Debug|x86.Build.0 = Debug|Win32
		{FB13A1B9-C33E-48C1-94D8-48DA9F3372CB}.Release|x64.ActiveCfg = Release|x64
		{FB13A1B9-C33E-48C1-94D8-48DA9F3372CB}.Release|x64.Build.0 = Release|x64
		{FB13A1B9-C33E-48C1-94D8-48DA9F3372CB}.Release|x86.ActiveCfg = Release|Win32
		{FB13A1B9-C33E-48C1-94D8-48DA9F3372CB}.Release|x86.Build.0 = Release|Win32
		{72392641-F6C0-4559-BCB5-32BB78CB029E}.Debug|x64.ActiveCfg = Debug|x64
		{72392641-F6C0-4559-BCB5-32BB78CB029E}.Debug|x64.Build.0 = Debug|x64
		{72392641-F6C0-4559-BCB5-32BB78CB029E}.Debug|x86.ActiveCfg = Debug|Win32
		{72392641-F6C0-4559-BCB5-32BB78CB029E}.Debug|x86.Build.0 = Debug|Win32
		{72392641-F6C0-4559-BCB5-32BB78CB029E}.Release|x64.ActiveCfg = Release|x64
		{72392641-F6C0-4559-BCB5-32BB78CB029E}.Release|x64.Build.0 = Release|x64
		{72392641-F6C0-4559-BCB5-32BB78CB029E}.Release|x86.ActiveCfg = Release|Win32
		{72392641-F6C0-4559-BCB5-32BB78CB029E}.Release|x86.Build.0 = Release|Win32
		{D3E4D13E-BCAF-4355-B562-F620097FB0AA}.Debug|x64.ActiveCfg = Debug|x64
		{D3E4D13E-BCAF-4355-B562-F620097FB0AA}.Debug|x64.Build.0 = Debug|x64
		{D3E4D13E-BCAF-4355-B562-F620097FB0AA}.Debug|x86.ActiveCfg = Debug|Win32
		{D3E4D13E-BCAF-4355-B562-F620097FB0AA}.Debug|x86.Build.0 = Debug|Win32
		{D3E4D13E-BCAF-4355-B562-F620097FB0AA}.Release|x64.ActiveCfg = Release|x64
		{D3E4D13E-BCAF-4355-B562-F620097FB0AA}.Release|x64.Build.0 = Release|x64
		{D3E4D13E-BCAF-4355-B562-F620097FB0AA}.Release|x86.ActiveCfg = Release|Win32
		{D3E4D13E-BCAF-4355-B562-F620097FB0AA}.Release|x86.Build.0 = Release|Win32
		{8FD3E4BF-DBBA-4500-B679-7DF14D47B074}.Debug|x64.ActiveCfg = Debug|x64
		{8FD3E4BF-DBBA-4500-B679-7DF14D47B074}.Debug|x64.Build.0 = Debug|x64
		{8FD3E4BF-DBBA-4500-B679-7DF14D47B074}.Debug|x86.ActiveCfg = Debug|Win32
		{8FD3E4BF-DBBA-4500-B679-7DF14D47B074}.Debug|x86.Build.0 = Debug|Win32
		{8FD3E4BF-DBBA-4500-B679-7DF14D47B074}.Release|x64.ActiveCfg = Release|x64
		{8FD3E4BF-DBBA-4500-B679-7DF14D47B074}.Release|x64.Build.0 = Release|x64
		{8FD3E4BF-DBBA-4500-B679-7DF14D47B074}.Release|x86.ActiveCfg = Release|Win32
		{8FD3E4BF-DBBA-4500-B679-7DF14D47B074}.Release|x86.Build.0 = Release|Win32
	EndGlobalSection
	GlobalSection(SolutionProperties) = preSolution
		HideSolutionNode = FALSE
	EndGlobalSection
EndGlobal
